
Microsoft Visual Studio Solution File, Format Version 12.00
Project("{FAE04EC0-301F-11D3-BF4B-00C04F79EFBC}") = "SeahawkSaverBackend.Domain", "Source\Core\SeahawkSaverBackend.Domain\SeahawkSaverBackend.Domain.csproj", "{77BFB573-22EF-4048-9F56-54111D14B94D}"
EndProject
Project("{2150E333-8FDC-42A3-9474-1A3956D46DE8}") = "Source", "Source", "{9AC06526-C96E-49F0-AA5B-ACD35450805A}"
EndProject
Project("{2150E333-8FDC-42A3-9474-1A3956D46DE8}") = "Test", "Test", "{630BC95C-F536-4591-842E-509CF8CF1DF7}"
EndProject
Project("{2150E333-8FDC-42A3-9474-1A3956D46DE8}") = "API", "API", "{3F391D73-6355-4926-9E48-10FFCE28696A}"
EndProject
Project("{2150E333-8FDC-42A3-9474-1A3956D46DE8}") = "Core", "Core", "{6D815A67-FEFD-47EF-BA85-D172ED430583}"
EndProject
Project("{2150E333-8FDC-42A3-9474-1A3956D46DE8}") = "Infrastructure", "Infrastructure", "{625446F6-1218-44D3-8834-65BC0FE2268D}"
EndProject
Project("{2150E333-8FDC-42A3-9474-1A3956D46DE8}") = "API", "API", "{168E2809-8098-42DE-950C-2326BC505A83}"
EndProject
Project("{2150E333-8FDC-42A3-9474-1A3956D46DE8}") = "Core", "Core", "{CBDD3A2E-640C-431C-B1A0-137D1A86C1B6}"
EndProject
Project("{2150E333-8FDC-42A3-9474-1A3956D46DE8}") = "Infrastructure", "Infrastructure", "{03982C14-E687-438E-ACDD-193A815CA987}"
EndProject
Project("{FAE04EC0-301F-11D3-BF4B-00C04F79EFBC}") = "SeahawkSaverBackend.Application", "Source\Core\SeahawkSaverBackend.Application\SeahawkSaverBackend.Application.csproj", "{8C0E3660-BB99-4745-861E-65B1DBF0047C}"
EndProject
Project("{FAE04EC0-301F-11D3-BF4B-00C04F79EFBC}") = "SeahawkSaverBackend.Persistence", "Source\Infrastructure\SeahawkSaverBackend.Persistence\SeahawkSaverBackend.Persistence.csproj", "{92EC5BED-63BF-433A-837F-250743F4988C}"
EndProject
Project("{FAE04EC0-301F-11D3-BF4B-00C04F79EFBC}") = "SeahawkSaverBackend.API", "Source\API\SeahawkSaverBackend.API\SeahawkSaverBackend.API.csproj", "{A1B4B153-48ED-457C-AEEA-A4C97FB25CC6}"
EndProject
Project("{FAE04EC0-301F-11D3-BF4B-00C04F79EFBC}") = "SeahawkSaverBackend.API.IntegrationTest", "Test\API\SeahawkSaverBackend.API.IntegrationTest\SeahawkSaverBackend.API.IntegrationTest.csproj", "{4D3F71DC-9FA3-4F01-8394-9BA6A2C315AB}"
EndProject
Project("{FAE04EC0-301F-11D3-BF4B-00C04F79EFBC}") = "SeahawkSaverBackend.Domain.UnitTest", "Test\Core\SeahawkSaverBackend.Domain.UnitTest\SeahawkSaverBackend.Domain.UnitTest.csproj", "{8CDBF1E9-5C06-4434-9C5A-ABDDC470CF5D}"
EndProject
Project("{FAE04EC0-301F-11D3-BF4B-00C04F79EFBC}") = "SeahawkSaverBackend.Application.UnitTest", "Test\Core\SeahawkSaverBackend.Application.UnitTest\SeahawkSaverBackend.Application.UnitTest.csproj", "{732018BE-C3C2-48E7-8495-0E84921E2A9D}"
EndProject
Project("{FAE04EC0-301F-11D3-BF4B-00C04F79EFBC}") = "SeahawkSaverBackend.Persistence.IntegrationTest", "Test\Infrastructure\SeahawkSaverBackend.Persistence.IntegrationTest\SeahawkSaverBackend.Persistence.IntegrationTest.csproj", "{4BB3AE31-483A-4594-831F-DA7D14BEF123}"
EndProject
Project("{FAE04EC0-301F-11D3-BF4B-00C04F79EFBC}") = "SeahawkSaverBackend.Authentication", "Source\Infrastructure\SeahawkSaverBackend.Authentication\SeahawkSaverBackend.Authentication.csproj", "{6422F561-F7E2-4572-B01D-079B3327C218}"
EndProject
Global
	GlobalSection(SolutionConfigurationPlatforms) = preSolution
		Debug|Any CPU = Debug|Any CPU
		Release|Any CPU = Release|Any CPU
	EndGlobalSection
	GlobalSection(ProjectConfigurationPlatforms) = postSolution
		{77BFB573-22EF-4048-9F56-54111D14B94D}.Debug|Any CPU.ActiveCfg = Debug|Any CPU
		{77BFB573-22EF-4048-9F56-54111D14B94D}.Debug|Any CPU.Build.0 = Debug|Any CPU
		{77BFB573-22EF-4048-9F56-54111D14B94D}.Release|Any CPU.ActiveCfg = Release|Any CPU
		{77BFB573-22EF-4048-9F56-54111D14B94D}.Release|Any CPU.Build.0 = Release|Any CPU
		{8C0E3660-BB99-4745-861E-65B1DBF0047C}.Debug|Any CPU.ActiveCfg = Debug|Any CPU
		{8C0E3660-BB99-4745-861E-65B1DBF0047C}.Debug|Any CPU.Build.0 = Debug|Any CPU
		{8C0E3660-BB99-4745-861E-65B1DBF0047C}.Release|Any CPU.ActiveCfg = Release|Any CPU
		{8C0E3660-BB99-4745-861E-65B1DBF0047C}.Release|Any CPU.Build.0 = Release|Any CPU
		{92EC5BED-63BF-433A-837F-250743F4988C}.Debug|Any CPU.ActiveCfg = Debug|Any CPU
		{92EC5BED-63BF-433A-837F-250743F4988C}.Debug|Any CPU.Build.0 = Debug|Any CPU
		{92EC5BED-63BF-433A-837F-250743F4988C}.Release|Any CPU.ActiveCfg = Release|Any CPU
		{92EC5BED-63BF-433A-837F-250743F4988C}.Release|Any CPU.Build.0 = Release|Any CPU
		{A1B4B153-48ED-457C-AEEA-A4C97FB25CC6}.Debug|Any CPU.ActiveCfg = Debug|Any CPU
		{A1B4B153-48ED-457C-AEEA-A4C97FB25CC6}.Debug|Any CPU.Build.0 = Debug|Any CPU
		{A1B4B153-48ED-457C-AEEA-A4C97FB25CC6}.Release|Any CPU.ActiveCfg = Release|Any CPU
		{A1B4B153-48ED-457C-AEEA-A4C97FB25CC6}.Release|Any CPU.Build.0 = Release|Any CPU
		{4D3F71DC-9FA3-4F01-8394-9BA6A2C315AB}.Debug|Any CPU.ActiveCfg = Debug|Any CPU
		{4D3F71DC-9FA3-4F01-8394-9BA6A2C315AB}.Debug|Any CPU.Build.0 = Debug|Any CPU
		{4D3F71DC-9FA3-4F01-8394-9BA6A2C315AB}.Release|Any CPU.ActiveCfg = Release|Any CPU
		{4D3F71DC-9FA3-4F01-8394-9BA6A2C315AB}.Release|Any CPU.Build.0 = Release|Any CPU
		{8CDBF1E9-5C06-4434-9C5A-ABDDC470CF5D}.Debug|Any CPU.ActiveCfg = Debug|Any CPU
		{8CDBF1E9-5C06-4434-9C5A-ABDDC470CF5D}.Debug|Any CPU.Build.0 = Debug|Any CPU
		{8CDBF1E9-5C06-4434-9C5A-ABDDC470CF5D}.Release|Any CPU.ActiveCfg = Release|Any CPU
		{8CDBF1E9-5C06-4434-9C5A-ABDDC470CF5D}.Release|Any CPU.Build.0 = Release|Any CPU
		{732018BE-C3C2-48E7-8495-0E84921E2A9D}.Debug|Any CPU.ActiveCfg = Debug|Any CPU
		{732018BE-C3C2-48E7-8495-0E84921E2A9D}.Debug|Any CPU.Build.0 = Debug|Any CPU
		{732018BE-C3C2-48E7-8495-0E84921E2A9D}.Release|Any CPU.ActiveCfg = Release|Any CPU
		{732018BE-C3C2-48E7-8495-0E84921E2A9D}.Release|Any CPU.Build.0 = Release|Any CPU
		{4BB3AE31-483A-4594-831F-DA7D14BEF123}.Debug|Any CPU.ActiveCfg = Debug|Any CPU
		{4BB3AE31-483A-4594-831F-DA7D14BEF123}.Debug|Any CPU.Build.0 = Debug|Any CPU
		{4BB3AE31-483A-4594-831F-DA7D14BEF123}.Release|Any CPU.ActiveCfg = Release|Any CPU
		{4BB3AE31-483A-4594-831F-DA7D14BEF123}.Release|Any CPU.Build.0 = Release|Any CPU
		{6422F561-F7E2-4572-B01D-079B3327C218}.Debug|Any CPU.ActiveCfg = Debug|Any CPU
		{6422F561-F7E2-4572-B01D-079B3327C218}.Debug|Any CPU.Build.0 = Debug|Any CPU
		{6422F561-F7E2-4572-B01D-079B3327C218}.Release|Any CPU.ActiveCfg = Release|Any CPU
		{6422F561-F7E2-4572-B01D-079B3327C218}.Release|Any CPU.Build.0 = Release|Any CPU
	EndGlobalSection
	GlobalSection(NestedProjects) = preSolution
		{3F391D73-6355-4926-9E48-10FFCE28696A} = {9AC06526-C96E-49F0-AA5B-ACD35450805A}
		{6D815A67-FEFD-47EF-BA85-D172ED430583} = {9AC06526-C96E-49F0-AA5B-ACD35450805A}
		{625446F6-1218-44D3-8834-65BC0FE2268D} = {9AC06526-C96E-49F0-AA5B-ACD35450805A}
		{168E2809-8098-42DE-950C-2326BC505A83} = {630BC95C-F536-4591-842E-509CF8CF1DF7}
		{CBDD3A2E-640C-431C-B1A0-137D1A86C1B6} = {630BC95C-F536-4591-842E-509CF8CF1DF7}
		{03982C14-E687-438E-ACDD-193A815CA987} = {630BC95C-F536-4591-842E-509CF8CF1DF7}
		{77BFB573-22EF-4048-9F56-54111D14B94D} = {6D815A67-FEFD-47EF-BA85-D172ED430583}
		{8C0E3660-BB99-4745-861E-65B1DBF0047C} = {6D815A67-FEFD-47EF-BA85-D172ED430583}
		{92EC5BED-63BF-433A-837F-250743F4988C} = {625446F6-1218-44D3-8834-65BC0FE2268D}
		{A1B4B153-48ED-457C-AEEA-A4C97FB25CC6} = {3F391D73-6355-4926-9E48-10FFCE28696A}
		{4D3F71DC-9FA3-4F01-8394-9BA6A2C315AB} = {168E2809-8098-42DE-950C-2326BC505A83}
		{8CDBF1E9-5C06-4434-9C5A-ABDDC470CF5D} = {CBDD3A2E-640C-431C-B1A0-137D1A86C1B6}
		{732018BE-C3C2-48E7-8495-0E84921E2A9D} = {CBDD3A2E-640C-431C-B1A0-137D1A86C1B6}
		{4BB3AE31-483A-4594-831F-DA7D14BEF123} = {03982C14-E687-438E-ACDD-193A815CA987}
		{6422F561-F7E2-4572-B01D-079B3327C218} = {625446F6-1218-44D3-8834-65BC0FE2268D}
	EndGlobalSection
EndGlobal
